
Microsoft Visual Studio Solution File, Format Version 12.00
# Visual Studio Version 17
VisualStudioVersion = 17.1.32421.90
MinimumVisualStudioVersion = 10.0.40219.1
Project("{FAE04EC0-301F-11D3-BF4B-00C04F79EFBC}") = "Interfaz", "Interfaz.csproj", "{A14F6CC8-F246-4B81-93CE-70A6CF0C73FC}"
EndProject
Project("{FAE04EC0-301F-11D3-BF4B-00C04F79EFBC}") = "Logica", "..\Logica\Logica.csproj", "{E04899A4-E8AB-47DA-8CC6-B28165EE2C73}"
EndProject
Project("{FAE04EC0-301F-11D3-BF4B-00C04F79EFBC}") = "Persistencia", "..\Persistencia\Persistencia.csproj", "{016E0137-C9DB-45EF-BD9C-5CAE8DF94AC7}"
EndProject
Project("{FAE04EC0-301F-11D3-BF4B-00C04F79EFBC}") = "Entidades", "..\Entidades\Entidades.csproj", "{CCA667B1-75D5-4F37-94C0-3EA5FE6B93E5}"
EndProject
Project("{FAE04EC0-301F-11D3-BF4B-00C04F79EFBC}") = "EventArguments", "..\EventArguments\EventArguments.csproj", "{C7348F92-ED9F-4696-8AB8-655093317807}"
EndProject
Project("{FAE04EC0-301F-11D3-BF4B-00C04F79EFBC}") = "Extensiones", "..\Extensiones\Extensiones.csproj", "{2DA337D7-E516-42E4-AC92-D825294D13F5}"
EndProject
Global
	GlobalSection(SolutionConfigurationPlatforms) = preSolution
		Debug|Any CPU = Debug|Any CPU
		Release|Any CPU = Release|Any CPU
	EndGlobalSection
	GlobalSection(ProjectConfigurationPlatforms) = postSolution
		{A14F6CC8-F246-4B81-93CE-70A6CF0C73FC}.Debug|Any CPU.ActiveCfg = Debug|Any CPU
		{A14F6CC8-F246-4B81-93CE-70A6CF0C73FC}.Debug|Any CPU.Build.0 = Debug|Any CPU
		{A14F6CC8-F246-4B81-93CE-70A6CF0C73FC}.Release|Any CPU.ActiveCfg = Release|Any CPU
		{A14F6CC8-F246-4B81-93CE-70A6CF0C73FC}.Release|Any CPU.Build.0 = Release|Any CPU
		{E04899A4-E8AB-47DA-8CC6-B28165EE2C73}.Debug|Any CPU.ActiveCfg = Debug|Any CPU
		{E04899A4-E8AB-47DA-8CC6-B28165EE2C73}.Debug|Any CPU.Build.0 = Debug|Any CPU
		{E04899A4-E8AB-47DA-8CC6-B28165EE2C73}.Release|Any CPU.ActiveCfg = Release|Any CPU
		{E04899A4-E8AB-47DA-8CC6-B28165EE2C73}.Release|Any CPU.Build.0 = Release|Any CPU
		{016E0137-C9DB-45EF-BD9C-5CAE8DF94AC7}.Debug|Any CPU.ActiveCfg = Debug|Any CPU
		{016E0137-C9DB-45EF-BD9C-5CAE8DF94AC7}.Debug|Any CPU.Build.0 = Debug|Any CPU
		{016E0137-C9DB-45EF-BD9C-5CAE8DF94AC7}.Release|Any CPU.ActiveCfg = Release|Any CPU
		{016E0137-C9DB-45EF-BD9C-5CAE8DF94AC7}.Release|Any CPU.Build.0 = Release|Any CPU
		{CCA667B1-75D5-4F37-94C0-3EA5FE6B93E5}.Debug|Any CPU.ActiveCfg = Debug|Any CPU
		{CCA667B1-75D5-4F37-94C0-3EA5FE6B93E5}.Debug|Any CPU.Build.0 = Debug|Any CPU
		{CCA667B1-75D5-4F37-94C0-3EA5FE6B93E5}.Release|Any CPU.ActiveCfg = Release|Any CPU
		{CCA667B1-75D5-4F37-94C0-3EA5FE6B93E5}.Release|Any CPU.Build.0 = Release|Any CPU
		{C7348F92-ED9F-4696-8AB8-655093317807}.Debug|Any CPU.ActiveCfg = Debug|Any CPU
		{C7348F92-ED9F-4696-8AB8-655093317807}.Debug|Any CPU.Build.0 = Debug|Any CPU
		{C7348F92-ED9F-4696-8AB8-655093317807}.Release|Any CPU.ActiveCfg = Release|Any CPU
		{C7348F92-ED9F-4696-8AB8-655093317807}.Release|Any CPU.Build.0 = Release|Any CPU
		{2DA337D7-E516-42E4-AC92-D825294D13F5}.Debug|Any CPU.ActiveCfg = Debug|Any CPU
		{2DA337D7-E516-42E4-AC92-D825294D13F5}.Debug|Any CPU.Build.0 = Debug|Any CPU
		{2DA337D7-E516-42E4-AC92-D825294D13F5}.Release|Any CPU.ActiveCfg = Release|Any CPU
		{2DA337D7-E516-42E4-AC92-D825294D13F5}.Release|Any CPU.Build.0 = Release|Any CPU
	EndGlobalSection
	GlobalSection(SolutionProperties) = preSolution
		HideSolutionNode = FALSE
	EndGlobalSection
	GlobalSection(ExtensibilityGlobals) = postSolution
		SolutionGuid = {150BB19B-AE5D-45E3-A370-17B1F85E5D6C}
	EndGlobalSection
EndGlobal
